
Microsoft Visual Studio Solution File, Format Version 12.00
# Visual Studio 2012
Project("{FAE04EC0-301F-11D3-BF4B-00C04F79EFBC}") = "CampaignDD", "CampaignDD\CampaignDD.csproj", "{A933DA54-8D45-4A18-86E6-F41D3D4CC15F}"
EndProject
Global
	GlobalSection(SolutionConfigurationPlatforms) = preSolution
		Debug|Any CPU = Debug|Any CPU
		Release|Any CPU = Release|Any CPU
	EndGlobalSection
	GlobalSection(ProjectConfigurationPlatforms) = postSolution
		{A933DA54-8D45-4A18-86E6-F41D3D4CC15F}.Debug|Any CPU.ActiveCfg = Debug|Any CPU
		{A933DA54-8D45-4A18-86E6-F41D3D4CC15F}.Debug|Any CPU.Build.0 = Debug|Any CPU
		{A933DA54-8D45-4A18-86E6-F41D3D4CC15F}.Release|Any CPU.ActiveCfg = Release|Any CPU
		{A933DA54-8D45-4A18-86E6-F41D3D4CC15F}.Release|Any CPU.Build.0 = Release|Any CPU
	EndGlobalSection
	GlobalSection(SolutionProperties) = preSolution
		HideSolutionNode = FALSE
	EndGlobalSection
EndGlobal
